
Microsoft Visual Studio Solution File, Format Version 12.00
# Visual Studio 15
VisualStudioVersion = 15.0.28307.2092
MinimumVisualStudioVersion = 10.0.40219.1
Project("{FAE04EC0-301F-11D3-BF4B-00C04F79EFBC}") = "practice_2_1", "practice_2_1\practice_2_1.csproj", "{55CA6854-7353-46AF-977E-75DF7D2763A5}"
EndProject
Global
	GlobalSection(SolutionConfigurationPlatforms) = preSolution
		Debug|Any CPU = Debug|Any CPU
		Release|Any CPU = Release|Any CPU
	EndGlobalSection
	GlobalSection(ProjectConfigurationPlatforms) = postSolution
		{55CA6854-7353-46AF-977E-75DF7D2763A5}.Debug|Any CPU.ActiveCfg = Debug|Any CPU
		{55CA6854-7353-46AF-977E-75DF7D2763A5}.Debug|Any CPU.Build.0 = Debug|Any CPU
		{55CA6854-7353-46AF-977E-75DF7D2763A5}.Release|Any CPU.ActiveCfg = Release|Any CPU
		{55CA6854-7353-46AF-977E-75DF7D2763A5}.Release|Any CPU.Build.0 = Release|Any CPU
	EndGlobalSection
	GlobalSection(SolutionProperties) = preSolution
		HideSolutionNode = FALSE
	EndGlobalSection
	GlobalSection(ExtensibilityGlobals) = postSolution
		SolutionGuid = {F47E5365-5ADC-419A-8995-5DD4D0E00382}
	EndGlobalSection
EndGlobal
