
Microsoft Visual Studio Solution File, Format Version 12.00
# Visual Studio 15
VisualStudioVersion = 15.0.28307.2092
MinimumVisualStudioVersion = 10.0.40219.1
Project("{FAE04EC0-301F-11D3-BF4B-00C04F79EFBC}") = "practice_4_1", "practice_4_1\practice_4_1.csproj", "{F05D73D8-B14C-48C3-8AD1-C8060D2B6D16}"
EndProject
Global
	GlobalSection(SolutionConfigurationPlatforms) = preSolution
		Debug|Any CPU = Debug|Any CPU
		Release|Any CPU = Release|Any CPU
	EndGlobalSection
	GlobalSection(ProjectConfigurationPlatforms) = postSolution
		{F05D73D8-B14C-48C3-8AD1-C8060D2B6D16}.Debug|Any CPU.ActiveCfg = Debug|Any CPU
		{F05D73D8-B14C-48C3-8AD1-C8060D2B6D16}.Debug|Any CPU.Build.0 = Debug|Any CPU
		{F05D73D8-B14C-48C3-8AD1-C8060D2B6D16}.Release|Any CPU.ActiveCfg = Release|Any CPU
		{F05D73D8-B14C-48C3-8AD1-C8060D2B6D16}.Release|Any CPU.Build.0 = Release|Any CPU
	EndGlobalSection
	GlobalSection(SolutionProperties) = preSolution
		HideSolutionNode = FALSE
	EndGlobalSection
	GlobalSection(ExtensibilityGlobals) = postSolution
		SolutionGuid = {085BA22F-62A0-4E67-9ADA-4CAF4DD52DDD}
	EndGlobalSection
EndGlobal
